// !$*UTF8*$!
{
	archiveVersion = 1;
	classes = {
	};
	objectVersion = 50;
	objects = {

/* Begin PBXBuildFile section */
		8872C5AE261880DE00291A31 /* UpdateProfileViewController.swift in Sources */ = {isa = PBXBuildFile; fileRef = 8872C5AD261880DE00291A31 /* UpdateProfileViewController.swift */; };
		887EC7FC26166D5F00AAEDF2 /* DetailsViewController.swift in Sources */ = {isa = PBXBuildFile; fileRef = 887EC7FB26166D5F00AAEDF2 /* DetailsViewController.swift */; };
		8888F3F126152309002DD8F7 /* LoginScreen.swift in Sources */ = {isa = PBXBuildFile; fileRef = 8888F3F026152309002DD8F7 /* LoginScreen.swift */; };
		8888F3F426152326002DD8F7 /* SignUpScreen.swift in Sources */ = {isa = PBXBuildFile; fileRef = 8888F3F326152326002DD8F7 /* SignUpScreen.swift */; };
		88925C662614B7730054A0FF /* AppDelegate.swift in Sources */ = {isa = PBXBuildFile; fileRef = 88925C652614B7730054A0FF /* AppDelegate.swift */; };
		88925C682614B7730054A0FF /* SceneDelegate.swift in Sources */ = {isa = PBXBuildFile; fileRef = 88925C672614B7730054A0FF /* SceneDelegate.swift */; };
		88925C6A2614B7730054A0FF /* ViewController.swift in Sources */ = {isa = PBXBuildFile; fileRef = 88925C692614B7730054A0FF /* ViewController.swift */; };
		88925C6D2614B7730054A0FF /* Main.storyboard in Resources */ = {isa = PBXBuildFile; fileRef = 88925C6B2614B7730054A0FF /* Main.storyboard */; };
		88925C6F2614B7760054A0FF /* Assets.xcassets in Resources */ = {isa = PBXBuildFile; fileRef = 88925C6E2614B7760054A0FF /* Assets.xcassets */; };
		88925C722614B7760054A0FF /* LaunchScreen.storyboard in Resources */ = {isa = PBXBuildFile; fileRef = 88925C702614B7760054A0FF /* LaunchScreen.storyboard */; };
		88C59F9D2617598B00B8BAB8 /* MealTableViewCell.swift in Sources */ = {isa = PBXBuildFile; fileRef = 88C59F9B2617598B00B8BAB8 /* MealTableViewCell.swift */; };
		88C59F9E2617598B00B8BAB8 /* MealTableViewCell.xib in Resources */ = {isa = PBXBuildFile; fileRef = 88C59F9C2617598B00B8BAB8 /* MealTableViewCell.xib */; };
		88C59FA12617626B00B8BAB8 /* MealsDetailsViewController.swift in Sources */ = {isa = PBXBuildFile; fileRef = 88C59FA02617626B00B8BAB8 /* MealsDetailsViewController.swift */; };
		88C59FA526176FEA00B8BAB8 /* CartTableViewCell.swift in Sources */ = {isa = PBXBuildFile; fileRef = 88C59FA326176FEA00B8BAB8 /* CartTableViewCell.swift */; };
		88C59FA626176FEA00B8BAB8 /* CartTableViewCell.xib in Resources */ = {isa = PBXBuildFile; fileRef = 88C59FA426176FEA00B8BAB8 /* CartTableViewCell.xib */; };
		88C59FA9261772AB00B8BAB8 /* CartViewController.swift in Sources */ = {isa = PBXBuildFile; fileRef = 88C59FA8261772AB00B8BAB8 /* CartViewController.swift */; };
		88C59FAC261792AC00B8BAB8 /* ProfileViewController.swift in Sources */ = {isa = PBXBuildFile; fileRef = 88C59FAB261792AC00B8BAB8 /* ProfileViewController.swift */; };
		88DCAD9526160C12009F38A0 /* ResTableViewCell.swift in Sources */ = {isa = PBXBuildFile; fileRef = 88DCAD9326160C12009F38A0 /* ResTableViewCell.swift */; };
		88DCAD9626160C12009F38A0 /* ResTableViewCell.xib in Resources */ = {isa = PBXBuildFile; fileRef = 88DCAD9426160C12009F38A0 /* ResTableViewCell.xib */; };
		88DCAD9926160FBE009F38A0 /* Models.swift in Sources */ = {isa = PBXBuildFile; fileRef = 88DCAD9826160FBE009F38A0 /* Models.swift */; };
/* End PBXBuildFile section */

/* Begin PBXFileReference section */
		8872C5AD261880DE00291A31 /* UpdateProfileViewController.swift */ = {isa = PBXFileReference; lastKnownFileType = sourcecode.swift; path = UpdateProfileViewController.swift; sourceTree = "<group>"; };
		887EC7FB26166D5F00AAEDF2 /* DetailsViewController.swift */ = {isa = PBXFileReference; lastKnownFileType = sourcecode.swift; path = DetailsViewController.swift; sourceTree = "<group>"; };
		8888F3F026152309002DD8F7 /* LoginScreen.swift */ = {isa = PBXFileReference; lastKnownFileType = sourcecode.swift; path = LoginScreen.swift; sourceTree = "<group>"; };
		8888F3F326152326002DD8F7 /* SignUpScreen.swift */ = {isa = PBXFileReference; lastKnownFileType = sourcecode.swift; path = SignUpScreen.swift; sourceTree = "<group>"; };
		88925C622614B7730054A0FF /* HomeLap1.app */ = {isa = PBXFileReference; explicitFileType = wrapper.application; includeInIndex = 0; path = HomeLap1.app; sourceTree = BUILT_PRODUCTS_DIR; };
		88925C652614B7730054A0FF /* AppDelegate.swift */ = {isa = PBXFileReference; lastKnownFileType = sourcecode.swift; path = AppDelegate.swift; sourceTree = "<group>"; };
		88925C672614B7730054A0FF /* SceneDelegate.swift */ = {isa = PBXFileReference; lastKnownFileType = sourcecode.swift; path = SceneDelegate.swift; sourceTree = "<group>"; };
		88925C692614B7730054A0FF /* ViewController.swift */ = {isa = PBXFileReference; lastKnownFileType = sourcecode.swift; path = ViewController.swift; sourceTree = "<group>"; };
		88925C6C2614B7730054A0FF /* Base */ = {isa = PBXFileReference; lastKnownFileType = file.storyboard; name = Base; path = Base.lproj/Main.storyboard; sourceTree = "<group>"; };
		88925C6E2614B7760054A0FF /* Assets.xcassets */ = {isa = PBXFileReference; lastKnownFileType = folder.assetcatalog; path = Assets.xcassets; sourceTree = "<group>"; };
		88925C712614B7760054A0FF /* Base */ = {isa = PBXFileReference; lastKnownFileType = file.storyboard; name = Base; path = Base.lproj/LaunchScreen.storyboard; sourceTree = "<group>"; };
		88925C732614B7760054A0FF /* Info.plist */ = {isa = PBXFileReference; lastKnownFileType = text.plist.xml; path = Info.plist; sourceTree = "<group>"; };
		88C59F9B2617598B00B8BAB8 /* MealTableViewCell.swift */ = {isa = PBXFileReference; lastKnownFileType = sourcecode.swift; path = MealTableViewCell.swift; sourceTree = "<group>"; };
		88C59F9C2617598B00B8BAB8 /* MealTableViewCell.xib */ = {isa = PBXFileReference; lastKnownFileType = file.xib; path = MealTableViewCell.xib; sourceTree = "<group>"; };
		88C59FA02617626B00B8BAB8 /* MealsDetailsViewController.swift */ = {isa = PBXFileReference; lastKnownFileType = sourcecode.swift; path = MealsDetailsViewController.swift; sourceTree = "<group>"; };
		88C59FA326176FEA00B8BAB8 /* CartTableViewCell.swift */ = {isa = PBXFileReference; lastKnownFileType = sourcecode.swift; path = CartTableViewCell.swift; sourceTree = "<group>"; };
		88C59FA426176FEA00B8BAB8 /* CartTableViewCell.xib */ = {isa = PBXFileReference; lastKnownFileType = file.xib; path = CartTableViewCell.xib; sourceTree = "<group>"; };
		88C59FA8261772AB00B8BAB8 /* CartViewController.swift */ = {isa = PBXFileReference; lastKnownFileType = sourcecode.swift; path = CartViewController.swift; sourceTree = "<group>"; };
		88C59FAB261792AC00B8BAB8 /* ProfileViewController.swift */ = {isa = PBXFileReference; lastKnownFileType = sourcecode.swift; path = ProfileViewController.swift; sourceTree = "<group>"; };
		88DCAD9326160C12009F38A0 /* ResTableViewCell.swift */ = {isa = PBXFileReference; lastKnownFileType = sourcecode.swift; path = ResTableViewCell.swift; sourceTree = "<group>"; };
		88DCAD9426160C12009F38A0 /* ResTableViewCell.xib */ = {isa = PBXFileReference; lastKnownFileType = file.xib; path = ResTableViewCell.xib; sourceTree = "<group>"; };
		88DCAD9826160FBE009F38A0 /* Models.swift */ = {isa = PBXFileReference; lastKnownFileType = sourcecode.swift; path = Models.swift; sourceTree = "<group>"; };
/* End PBXFileReference section */

/* Begin PBXFrameworksBuildPhase section */
		88925C5F2614B7730054A0FF /* Frameworks */ = {
			isa = PBXFrameworksBuildPhase;
			buildActionMask = 2147483647;
			files = (
			);
			runOnlyForDeploymentPostprocessing = 0;
		};
/* End PBXFrameworksBuildPhase section */

/* Begin PBXGroup section */
		88925C592614B7730054A0FF = {
			isa = PBXGroup;
			children = (
				88925C642614B7730054A0FF /* HomeLap1 */,
				88925C632614B7730054A0FF /* Products */,
			);
			sourceTree = "<group>";
		};
		88925C632614B7730054A0FF /* Products */ = {
			isa = PBXGroup;
			children = (
				88925C622614B7730054A0FF /* HomeLap1.app */,
			);
			name = Products;
			sourceTree = "<group>";
		};
		88925C642614B7730054A0FF /* HomeLap1 */ = {
			isa = PBXGroup;
			children = (
				88925C652614B7730054A0FF /* AppDelegate.swift */,
				88925C672614B7730054A0FF /* SceneDelegate.swift */,
				88925C692614B7730054A0FF /* ViewController.swift */,
				88925C6B2614B7730054A0FF /* Main.storyboard */,
				88925C6E2614B7760054A0FF /* Assets.xcassets */,
				88925C702614B7760054A0FF /* LaunchScreen.storyboard */,
				88925C732614B7760054A0FF /* Info.plist */,
				8888F3F026152309002DD8F7 /* LoginScreen.swift */,
				8888F3F326152326002DD8F7 /* SignUpScreen.swift */,
				88DCAD9326160C12009F38A0 /* ResTableViewCell.swift */,
				88DCAD9426160C12009F38A0 /* ResTableViewCell.xib */,
				88DCAD9826160FBE009F38A0 /* Models.swift */,
				887EC7FB26166D5F00AAEDF2 /* DetailsViewController.swift */,
				88C59F9B2617598B00B8BAB8 /* MealTableViewCell.swift */,
				88C59F9C2617598B00B8BAB8 /* MealTableViewCell.xib */,
				88C59FA02617626B00B8BAB8 /* MealsDetailsViewController.swift */,
				88C59FA326176FEA00B8BAB8 /* CartTableViewCell.swift */,
				88C59FA426176FEA00B8BAB8 /* CartTableViewCell.xib */,
				88C59FA8261772AB00B8BAB8 /* CartViewController.swift */,
				88C59FAB261792AC00B8BAB8 /* ProfileViewController.swift */,
				8872C5AD261880DE00291A31 /* UpdateProfileViewController.swift */,
			);
			path = HomeLap1;
			sourceTree = "<group>";
		};
/* End PBXGroup section */

/* Begin PBXNativeTarget section */
		88925C612614B7730054A0FF /* HomeLap1 */ = {
			isa = PBXNativeTarget;
			buildConfigurationList = 88925C762614B7760054A0FF /* Build configuration list for PBXNativeTarget "HomeLap1" */;
			buildPhases = (
				88925C5E2614B7730054A0FF /* Sources */,
				88925C5F2614B7730054A0FF /* Frameworks */,
				88925C602614B7730054A0FF /* Resources */,
			);
			buildRules = (
			);
			dependencies = (
			);
			name = HomeLap1;
			productName = HomeLap1;
			productReference = 88925C622614B7730054A0FF /* HomeLap1.app */;
			productType = "com.apple.product-type.application";
		};
/* End PBXNativeTarget section */

/* Begin PBXProject section */
		88925C5A2614B7730054A0FF /* Project object */ = {
			isa = PBXProject;
			attributes = {
				LastSwiftUpdateCheck = 1240;
				LastUpgradeCheck = 1240;
				TargetAttributes = {
					88925C612614B7730054A0FF = {
						CreatedOnToolsVersion = 12.4;
					};
				};
			};
			buildConfigurationList = 88925C5D2614B7730054A0FF /* Build configuration list for PBXProject "HomeLap1" */;
			compatibilityVersion = "Xcode 9.3";
			developmentRegion = en;
			hasScannedForEncodings = 0;
			knownRegions = (
				en,
				Base,
			);
			mainGroup = 88925C592614B7730054A0FF;
			productRefGroup = 88925C632614B7730054A0FF /* Products */;
			projectDirPath = "";
			projectRoot = "";
			targets = (
				88925C612614B7730054A0FF /* HomeLap1 */,
			);
		};
/* End PBXProject section */

/* Begin PBXResourcesBuildPhase section */
		88925C602614B7730054A0FF /* Resources */ = {
			isa = PBXResourcesBuildPhase;
			buildActionMask = 2147483647;
			files = (
				88925C722614B7760054A0FF /* LaunchScreen.storyboard in Resources */,
				88925C6F2614B7760054A0FF /* Assets.xcassets in Resources */,
				88C59F9E2617598B00B8BAB8 /* MealTableViewCell.xib in Resources */,
				88C59FA626176FEA00B8BAB8 /* CartTableViewCell.xib in Resources */,
				88DCAD9626160C12009F38A0 /* ResTableViewCell.xib in Resources */,
				88925C6D2614B7730054A0FF /* Main.storyboard in Resources */,
			);
			runOnlyForDeploymentPostprocessing = 0;
		};
/* End PBXResourcesBuildPhase section */

/* Begin PBXSourcesBuildPhase section */
		88925C5E2614B7730054A0FF /* Sources */ = {
			isa = PBXSourcesBuildPhase;
			buildActionMask = 2147483647;
			files = (
				88C59FA12617626B00B8BAB8 /* MealsDetailsViewController.swift in Sources */,
				8888F3F426152326002DD8F7 /* SignUpScreen.swift in Sources */,
				88925C6A2614B7730054A0FF /* ViewController.swift in Sources */,
				8888F3F126152309002DD8F7 /* LoginScreen.swift in Sources */,
				88C59FA9261772AB00B8BAB8 /* CartViewController.swift in Sources */,
				887EC7FC26166D5F00AAEDF2 /* DetailsViewController.swift in Sources */,
				88C59FA526176FEA00B8BAB8 /* CartTableViewCell.swift in Sources */,
				88925C662614B7730054A0FF /* AppDelegate.swift in Sources */,
				88C59F9D2617598B00B8BAB8 /* MealTableViewCell.swift in Sources */,
				88DCAD9526160C12009F38A0 /* ResTableViewCell.swift in Sources */,
				88C59FAC261792AC00B8BAB8 /* ProfileViewController.swift in Sources */,
				8872C5AE261880DE00291A31 /* UpdateProfileViewController.swift in Sources */,
				88925C682614B7730054A0FF /* SceneDelegate.swift in Sources */,
				88DCAD9926160FBE009F38A0 /* Models.swift in Sources */,
			);
			runOnlyForDeploymentPostprocessing = 0;
		};
/* End PBXSourcesBuildPhase section */

/* Begin PBXVariantGroup section */
		88925C6B2614B7730054A0FF /* Main.storyboard */ = {
			isa = PBXVariantGroup;
			children = (
				88925C6C2614B7730054A0FF /* Base */,
			);
			name = Main.storyboard;
			sourceTree = "<group>";
		};
		88925C702614B7760054A0FF /* LaunchScreen.storyboard */ = {
			isa = PBXVariantGroup;
			children = (
				88925C712614B7760054A0FF /* Base */,
			);
			name = LaunchScreen.storyboard;
			sourceTree = "<group>";
		};
/* End PBXVariantGroup section */

/* Begin XCBuildConfiguration section */
		88925C742614B7760054A0FF /* Debug */ = {
			isa = XCBuildConfiguration;
			buildSettings = {
				ALWAYS_SEARCH_USER_PATHS = NO;
				CLANG_ANALYZER_NONNULL = YES;
				CLANG_ANALYZER_NUMBER_OBJECT_CONVERSION = YES_AGGRESSIVE;
				CLANG_CXX_LANGUAGE_STANDARD = "gnu++14";
				CLANG_CXX_LIBRARY = "libc++";
				CLANG_ENABLE_MODULES = YES;
				CLANG_ENABLE_OBJC_ARC = YES;
				CLANG_ENABLE_OBJC_WEAK = YES;
				CLANG_WARN_BLOCK_CAPTURE_AUTORELEASING = YES;
				CLANG_WARN_BOOL_CONVERSION = YES;
				CLANG_WARN_COMMA = YES;
				CLANG_WARN_CONSTANT_CONVERSION = YES;
				CLANG_WARN_DEPRECATED_OBJC_IMPLEMENTATIONS = YES;
				CLANG_WARN_DIRECT_OBJC_ISA_USAGE = YES_ERROR;
				CLANG_WARN_DOCUMENTATION_COMMENTS = YES;
				CLANG_WARN_EMPTY_BODY = YES;
				CLANG_WARN_ENUM_CONVERSION = YES;
				CLANG_WARN_INFINITE_RECURSION = YES;
				CLANG_WARN_INT_CONVERSION = YES;
				CLANG_WARN_NON_LITERAL_NULL_CONVERSION = YES;
				CLANG_WARN_OBJC_IMPLICIT_RETAIN_SELF = YES;
				CLANG_WARN_OBJC_LITERAL_CONVERSION = YES;
				CLANG_WARN_OBJC_ROOT_CLASS = YES_ERROR;
				CLANG_WARN_QUOTED_INCLUDE_IN_FRAMEWORK_HEADER = YES;
				CLANG_WARN_RANGE_LOOP_ANALYSIS = YES;
				CLANG_WARN_STRICT_PROTOTYPES = YES;
				CLANG_WARN_SUSPICIOUS_MOVE = YES;
				CLANG_WARN_UNGUARDED_AVAILABILITY = YES_AGGRESSIVE;
				CLANG_WARN_UNREACHABLE_CODE = YES;
				CLANG_WARN__DUPLICATE_METHOD_MATCH = YES;
				COPY_PHASE_STRIP = NO;
				DEBUG_INFORMATION_FORMAT = dwarf;
				ENABLE_STRICT_OBJC_MSGSEND = YES;
				ENABLE_TESTABILITY = YES;
				GCC_C_LANGUAGE_STANDARD = gnu11;
				GCC_DYNAMIC_NO_PIC = NO;
				GCC_NO_COMMON_BLOCKS = YES;
				GCC_OPTIMIZATION_LEVEL = 0;
				GCC_PREPROCESSOR_DEFINITIONS = (
					"DEBUG=1",
					"$(inherited)",
				);
				GCC_WARN_64_TO_32_BIT_CONVERSION = YES;
				GCC_WARN_ABOUT_RETURN_TYPE = YES_ERROR;
				GCC_WARN_UNDECLARED_SELECTOR = YES;
				GCC_WARN_UNINITIALIZED_AUTOS = YES_AGGRESSIVE;
				GCC_WARN_UNUSED_FUNCTION = YES;
				GCC_WARN_UNUSED_VARIABLE = YES;
				IPHONEOS_DEPLOYMENT_TARGET = 14.4;
				MTL_ENABLE_DEBUG_INFO = INCLUDE_SOURCE;
				MTL_FAST_MATH = YES;
				ONLY_ACTIVE_ARCH = YES;
				SDKROOT = iphoneos;
				SWIFT_ACTIVE_COMPILATION_CONDITIONS = DEBUG;
				SWIFT_OPTIMIZATION_LEVEL = "-Onone";
			};
			name = Debug;
		};
		88925C752614B7760054A0FF /* Release */ = {
			isa = XCBuildConfiguration;
			buildSettings = {
				ALWAYS_SEARCH_USER_PATHS = NO;
				CLANG_ANALYZER_NONNULL = YES;
				CLANG_ANALYZER_NUMBER_OBJECT_CONVERSION = YES_AGGRESSIVE;
				CLANG_CXX_LANGUAGE_STANDARD = "gnu++14";
				CLANG_CXX_LIBRARY = "libc++";
				CLANG_ENABLE_MODULES = YES;
				CLANG_ENABLE_OBJC_ARC = YES;
				CLANG_ENABLE_OBJC_WEAK = YES;
				CLANG_WARN_BLOCK_CAPTURE_AUTORELEASING = YES;
				CLANG_WARN_BOOL_CONVERSION = YES;
				CLANG_WARN_COMMA = YES;
				CLANG_WARN_CONSTANT_CONVERSION = YES;
				CLANG_WARN_DEPRECATED_OBJC_IMPLEMENTATIONS = YES;
				CLANG_WARN_DIRECT_OBJC_ISA_USAGE = YES_ERROR;
				CLANG_WARN_DOCUMENTATION_COMMENTS = YES;
				CLANG_WARN_EMPTY_BODY = YES;
				CLANG_WARN_ENUM_CONVERSION = YES;
				CLANG_WARN_INFINITE_RECURSION = YES;
				CLANG_WARN_INT_CONVERSION = YES;
				CLANG_WARN_NON_LITERAL_NULL_CONVERSION = YES;
				CLANG_WARN_OBJC_IMPLICIT_RETAIN_SELF = YES;
				CLANG_WARN_OBJC_LITERAL_CONVERSION = YES;
				CLANG_WARN_OBJC_ROOT_CLASS = YES_ERROR;
				CLANG_WARN_QUOTED_INCLUDE_IN_FRAMEWORK_HEADER = YES;
				CLANG_WARN_RANGE_LOOP_ANALYSIS = YES;
				CLANG_WARN_STRICT_PROTOTYPES = YES;
				CLANG_WARN_SUSPICIOUS_MOVE = YES;
				CLANG_WARN_UNGUARDED_AVAILABILITY = YES_AGGRESSIVE;
				CLANG_WARN_UNREACHABLE_CODE = YES;
				CLANG_WARN__DUPLICATE_METHOD_MATCH = YES;
				COPY_PHASE_STRIP = NO;
				DEBUG_INFORMATION_FORMAT = "dwarf-with-dsym";
				ENABLE_NS_ASSERTIONS = NO;
				ENABLE_STRICT_OBJC_MSGSEND = YES;
				GCC_C_LANGUAGE_STANDARD = gnu11;
				GCC_NO_COMMON_BLOCKS = YES;
				GCC_WARN_64_TO_32_BIT_CONVERSION = YES;
				GCC_WARN_ABOUT_RETURN_TYPE = YES_ERROR;
				GCC_WARN_UNDECLARED_SELECTOR = YES;
				GCC_WARN_UNINITIALIZED_AUTOS = YES_AGGRESSIVE;
				GCC_WARN_UNUSED_FUNCTION = YES;
				GCC_WARN_UNUSED_VARIABLE = YES;
				IPHONEOS_DEPLOYMENT_TARGET = 14.4;
				MTL_ENABLE_DEBUG_INFO = NO;
				MTL_FAST_MATH = YES;
				SDKROOT = iphoneos;
				SWIFT_COMPILATION_MODE = wholemodule;
				SWIFT_OPTIMIZATION_LEVEL = "-O";
				VALIDATE_PRODUCT = YES;
			};
			name = Release;
		};
		88925C772614B7760054A0FF /* Debug */ = {
			isa = XCBuildConfiguration;
			buildSettings = {
				ASSETCATALOG_COMPILER_APPICON_NAME = AppIcon;
				ASSETCATALOG_COMPILER_GLOBAL_ACCENT_COLOR_NAME = AccentColor;
				CODE_SIGN_STYLE = Automatic;
				DEVELOPMENT_TEAM = T2MDBWF2GM;
				INFOPLIST_FILE = HomeLap1/Info.plist;
				LD_RUNPATH_SEARCH_PATHS = (
					"$(inherited)",
					"@executable_path/Frameworks",
				);
				PRODUCT_BUNDLE_IDENTIFIER = noor.HomeLap1;
				PRODUCT_NAME = "$(TARGET_NAME)";
				SWIFT_VERSION = 5.0;
				TARGETED_DEVICE_FAMILY = "1,2";
			};
			name = Debug;
		};
		88925C782614B7760054A0FF /* Release */ = {
			isa = XCBuildConfiguration;
			buildSettings = {
				ASSETCATALOG_COMPILER_APPICON_NAME = AppIcon;
				ASSETCATALOG_COMPILER_GLOBAL_ACCENT_COLOR_NAME = AccentColor;
				CODE_SIGN_STYLE = Automatic;
				DEVELOPMENT_TEAM = T2MDBWF2GM;
				INFOPLIST_FILE = HomeLap1/Info.plist;
				LD_RUNPATH_SEARCH_PATHS = (
					"$(inherited)",
					"@executable_path/Frameworks",
				);
				PRODUCT_BUNDLE_IDENTIFIER = noor.HomeLap1;
				PRODUCT_NAME = "$(TARGET_NAME)";
				SWIFT_VERSION = 5.0;
				TARGETED_DEVICE_FAMILY = "1,2";
			};
			name = Release;
		};
/* End XCBuildConfiguration section */

/* Begin XCConfigurationList section */
		88925C5D2614B7730054A0FF /* Build configuration list for PBXProject "HomeLap1" */ = {
			isa = XCConfigurationList;
			buildConfigurations = (
				88925C742614B7760054A0FF /* Debug */,
				88925C752614B7760054A0FF /* Release */,
			);
			defaultConfigurationIsVisible = 0;
			defaultConfigurationName = Release;
		};
		88925C762614B7760054A0FF /* Build configuration list for PBXNativeTarget "HomeLap1" */ = {
			isa = XCConfigurationList;
			buildConfigurations = (
				88925C772614B7760054A0FF /* Debug */,
				88925C782614B7760054A0FF /* Release */,
			);
			defaultConfigurationIsVisible = 0;
			defaultConfigurationName = Release;
		};
/* End XCConfigurationList section */
	};
	rootObject = 88925C5A2614B7730054A0FF /* Project object */;
}
